
Microsoft Visual Studio Solution File, Format Version 12.00
# Visual Studio Version 17
VisualStudioVersion = 17.7.34031.279
MinimumVisualStudioVersion = 10.0.40219.1
Project("{FAE04EC0-301F-11D3-BF4B-00C04F79EFBC}") = "SimpleWebScrapper", "SimpleWebScrapper\SimpleWebScrapper.csproj", "{EB174951-2442-41E8-8FD7-5C42E2C7A275}"
EndProject
Global
	GlobalSection(SolutionConfigurationPlatforms) = preSolution
		Debug|Any CPU = Debug|Any CPU
		Release|Any CPU = Release|Any CPU
	EndGlobalSection
	GlobalSection(ProjectConfigurationPlatforms) = postSolution
		{EB174951-2442-41E8-8FD7-5C42E2C7A275}.Debug|Any CPU.ActiveCfg = Debug|Any CPU
		{EB174951-2442-41E8-8FD7-5C42E2C7A275}.Debug|Any CPU.Build.0 = Debug|Any CPU
		{EB174951-2442-41E8-8FD7-5C42E2C7A275}.Release|Any CPU.ActiveCfg = Release|Any CPU
		{EB174951-2442-41E8-8FD7-5C42E2C7A275}.Release|Any CPU.Build.0 = Release|Any CPU
	EndGlobalSection
	GlobalSection(SolutionProperties) = preSolution
		HideSolutionNode = FALSE
	EndGlobalSection
	GlobalSection(ExtensibilityGlobals) = postSolution
		SolutionGuid = {D98E1450-FA2A-4FEB-8622-73328382B066}
	EndGlobalSection
EndGlobal
